<?xml version="1.0" encoding="utf-8"?>
<Project ToolsVersion="4.0" xmlns="http://schemas.microsoft.com/developer/msbuild/2003">
  <ItemGroup>
    <Filter Include="Source Files">
      <UniqueIdentifier>{4FC737F1-C7A5-4376-A066-2A32D752A2FF}</UniqueIdentifier>
      <Extensions>cpp;c;cc;cxx;c++;cppm;ixx;def;odl;idl;hpj;bat;asm;asmx</Extensions>
    </Filter>
    <Filter Include="Header Files">
      <UniqueIdentifier>{93995380-89BD-4b04-88EB-625FBE52EBFB}</UniqueIdentifier>
      <Extensions>h;hh;hpp;hxx;h++;hm;inl;inc;ipp;xsd</Extensions>
    </Filter>
    <Filter Include="Resource Files">
      <UniqueIdentifier>{67DA6AB6-F800-4c08-8B7A-83BB121AAD01}</UniqueIdentifier>
      <Extensions>rc;ico;cur;bmp;dlg;rc2;rct;bin;rgs;gif;jpg;jpeg;jpe;resx;tiff;tif;png;wav;mfcribbon-ms</Extensions>
    </Filter>
    <Filter Include="Header Files\Resources">
      <UniqueIdentifier>{7c50276e-85ab-4f6f-aa40-2c498a50cb16}</UniqueIdentifier>
    </Filter>
    <Filter Include="Header Files\Utility">
      <UniqueIdentifier>{f859f347-467b-482b-9eea-00195b943ce6}</UniqueIdentifier>
    </Filter>
    <Filter Include="Source Files\Utility">
      <UniqueIdentifier>{941bd3e9-46f5-4064-b267-62ab980342a9}</UniqueIdentifier>
    </Filter>
    <Filter Include="Source Files\Resources">
      <UniqueIdentifier>{974aa192-6b19-4a5e-802c-8344774438f5}</UniqueIdentifier>
    </Filter>
    <Filter Include="Header Files\System">
      <UniqueIdentifier>{c4c8e148-1788-4756-8c11-1bbe52832a8b}</UniqueIdentifier>
    </Filter>
    <Filter Include="Source Files\System">
      <UniqueIdentifier>{d9516afb-f221-42d1-9fb2-5bdf0ef884b6}</UniqueIdentifier>
    </Filter>
    <Filter Include="Header Files\Scanner">
      <UniqueIdentifier>{28e824d4-244b-462c-887e-45b33dab3157}</UniqueIdentifier>
    </Filter>
    <Filter Include="Source Files\Scanner">
      <UniqueIdentifier>{3a76ecb8-9c68-4957-998b-7e666d62d30e}</UniqueIdentifier>
    </Filter>
    <Filter Include="Header Files\Engine">
      <UniqueIdentifier>{d7953497-770a-4a28-b2c7-2fcfdfd09fbf}</UniqueIdentifier>
    </Filter>
    <Filter Include="Source Files\Engine">
      <UniqueIdentifier>{213bb06b-a366-4951-9fa0-9c0ee606f929}</UniqueIdentifier>
    </Filter>
    <Filter Include="Header Files\Entities">
      <UniqueIdentifier>{ceb3411b-cffa-49b0-be50-1d17815d56ae}</UniqueIdentifier>
    </Filter>
    <Filter Include="Source Files\Entities">
      <UniqueIdentifier>{b9fa6d1d-74f4-4abe-9c63-7b6bc96e5a93}</UniqueIdentifier>
    </Filter>
    <Filter Include="Header Files\ShaderFIles">
      <UniqueIdentifier>{2166e50d-27a9-4f4f-9b4b-86c124f3c54e}</UniqueIdentifier>
    </Filter>
    <Filter Include="Header Files\Commands">
      <UniqueIdentifier>{b4cd52c1-afc5-40d6-a90a-d95191a224b1}</UniqueIdentifier>
    </Filter>
    <Filter Include="Header Files\CommandFactory">
      <UniqueIdentifier>{e8138517-4b70-41b2-9b6b-7431c2207ee5}</UniqueIdentifier>
    </Filter>
    <Filter Include="Header Files\GUI">
      <UniqueIdentifier>{73ae518c-35c4-4653-a70e-1ef6bad679dc}</UniqueIdentifier>
    </Filter>
    <Filter Include="Header Files\State">
      <UniqueIdentifier>{8441828e-aa39-4e83-9fb9-06dfc463610c}</UniqueIdentifier>
    </Filter>
    <Filter Include="Header Files\State\State">
      <UniqueIdentifier>{21bcc21b-ed26-47b7-beb3-6d3e919820ff}</UniqueIdentifier>
    </Filter>
    <Filter Include="Header Files\Commands-System/Engine">
      <UniqueIdentifier>{3707e5f8-1fbe-4538-a1ed-e8ccb62ae901}</UniqueIdentifier>
    </Filter>
    <Filter Include="Header Files\Commands-Characters/entities">
      <UniqueIdentifier>{c75033d6-0946-4688-8c09-3743c6e19e4e}</UniqueIdentifier>
    </Filter>
    <Filter Include="Header Files\Settings">
      <UniqueIdentifier>{482d2a21-b896-4bbe-9033-4484bf910cb5}</UniqueIdentifier>
    </Filter>
    <Filter Include="Header Files\Graphics/Anims">
      <UniqueIdentifier>{92d8839c-02d0-498f-94db-97fa5e214b47}</UniqueIdentifier>
    </Filter>
    <Filter Include="Header Files\Player/Points">
      <UniqueIdentifier>{b68202dc-552e-465f-99dc-d83d8c737a31}</UniqueIdentifier>
    </Filter>
  </ItemGroup>
  <ItemGroup>
    <ClCompile Include="State.cpp">
      <Filter>Header Files\State\State</Filter>
    </ClCompile>
    <ClCompile Include="StateStack.cpp">
      <Filter>Header Files\State\State</Filter>
    </ClCompile>
    <ClCompile Include="TitleState.cpp">
      <Filter>Header Files\State\State</Filter>
    </ClCompile>
    <ClCompile Include="GameState.cpp">
      <Filter>Header Files\State\State</Filter>
    </ClCompile>
    <ClCompile Include="Scanner.cpp">
      <Filter>Header Files\Scanner</Filter>
    </ClCompile>
    <ClCompile Include="LabelCommand.cpp">
      <Filter>Header Files\Commands</Filter>
    </ClCompile>
    <ClCompile Include="JumpCommand.cpp">
      <Filter>Header Files\Commands</Filter>
    </ClCompile>
    <ClCompile Include="DisplayTextCommand.cpp">
      <Filter>Header Files\Commands</Filter>
    </ClCompile>
    <ClCompile Include="PlayMusicCommand.cpp">
      <Filter>Header Files\Commands</Filter>
    </ClCompile>
    <ClCompile Include="PlaySoundCommand.cpp">
      <Filter>Header Files\Commands</Filter>
    </ClCompile>
    <ClCompile Include="RegisterCommand.cpp">
      <Filter>Header Files\Commands</Filter>
    </ClCompile>
    <ClCompile Include="CommandFactory.cpp">
      <Filter>Header Files\CommandFactory</Filter>
    </ClCompile>
    <ClCompile Include="Engine.cpp">
      <Filter>Header Files\Engine</Filter>
    </ClCompile>
    <ClCompile Include="RegisterEngine.cpp">
      <Filter>Header Files\Engine</Filter>
    </ClCompile>
    <ClCompile Include="Utility.cpp">
      <Filter>Header Files\Utility</Filter>
    </ClCompile>
    <ClCompile Include="Application.cpp">
      <Filter>Header Files\System</Filter>
    </ClCompile>
    <ClCompile Include="Component.cpp">
      <Filter>Header Files\GUI</Filter>
    </ClCompile>
    <ClCompile Include="Button.cpp">
      <Filter>Header Files\GUI</Filter>
    </ClCompile>
    <ClCompile Include="Container.cpp">
      <Filter>Header Files\GUI</Filter>
    </ClCompile>
    <ClCompile Include="SpriteButton.cpp">
      <Filter>Header Files\GUI</Filter>
    </ClCompile>
    <ClCompile Include="Decision.cpp">
      <Filter>Header Files\Entities</Filter>
    </ClCompile>
    <ClCompile Include="MusicPlayer.cpp">
      <Filter>Header Files\Resources</Filter>
    </ClCompile>
    <ClCompile Include="SoundPlayer.cpp">
      <Filter>Header Files\Resources</Filter>
    </ClCompile>
    <ClCompile Include="Config.cpp">
      <Filter>Header Files\System</Filter>
    </ClCompile>
    <ClCompile Include="Logger.cpp">
      <Filter>Header Files\System</Filter>
    </ClCompile>
    <ClCompile Include="main.cpp">
      <Filter>Header Files\System</Filter>
    </ClCompile>
    <ClCompile Include="Option.cpp">
      <Filter>Header Files\System</Filter>
    </ClCompile>
    <ClCompile Include="Entity.cpp">
      <Filter>Header Files\Entities</Filter>
    </ClCompile>
    <ClCompile Include="Character.cpp">
      <Filter>Header Files\Entities</Filter>
    </ClCompile>
    <ClCompile Include="CharacterBlueprint.cpp">
      <Filter>Header Files\Entities</Filter>
    </ClCompile>
    <ClCompile Include="Command.cpp">
      <Filter>Header Files\CommandFactory</Filter>
    </ClCompile>
    <ClCompile Include="FadeOutBackgroundCommand.cpp">
      <Filter>Header Files\Commands-System/Engine</Filter>
    </ClCompile>
    <ClCompile Include="ShowDialogueBoxCommand.cpp">
      <Filter>Header Files\Commands-System/Engine</Filter>
    </ClCompile>
    <ClCompile Include="HideDialogueBoxCommand.cpp">
      <Filter>Header Files\Commands-System/Engine</Filter>
    </ClCompile>
    <ClCompile Include="DisplayBackgroundCommand.cpp">
      <Filter>Header Files\Commands-System/Engine</Filter>
    </ClCompile>
    <ClCompile Include="RemoveEntityCommand.cpp">
      <Filter>Header Files\Commands-Characters/entities</Filter>
    </ClCompile>
    <ClCompile Include="BlurEntityCommand.cpp">
      <Filter>Header Files\Commands-Characters/entities</Filter>
    </ClCompile>
    <ClCompile Include="FadeEntityCommand.cpp">
      <Filter>Header Files\Commands-Characters/entities</Filter>
    </ClCompile>
    <ClCompile Include="MoveEntityCommand.cpp">
      <Filter>Header Files\Commands-Characters/entities</Filter>
    </ClCompile>
    <ClCompile Include="DisplayEntityCommand.cpp">
      <Filter>Header Files\Commands-Characters/entities</Filter>
    </ClCompile>
    <ClCompile Include="DisplayCharacterCommand.cpp">
      <Filter>Header Files\Commands-Characters/entities</Filter>
    </ClCompile>
    <ClCompile Include="CharacterStateCommand.cpp">
      <Filter>Header Files\Commands-Characters/entities</Filter>
    </ClCompile>
    <ClCompile Include="MainMentuState.cpp">
      <Filter>Header Files\State</Filter>
    </ClCompile>
    <ClCompile Include="ConfigState.cpp">
      <Filter>Header Files\State</Filter>
    </ClCompile>
    <ClCompile Include="Label.cpp">
      <Filter>Header Files\GUI</Filter>
    </ClCompile>
    <ClCompile Include="ConfigButton.cpp">
      <Filter>Header Files\GUI</Filter>
    </ClCompile>
    <ClCompile Include="CheckBox.cpp">
      <Filter>Header Files\GUI</Filter>
    </ClCompile>
    <ClCompile Include="ConfigLabel.cpp">
      <Filter>Header Files\GUI</Filter>
    </ClCompile>
    <ClCompile Include="TextButton.cpp">
      <Filter>Header Files\GUI</Filter>
    </ClCompile>
    <ClCompile Include="ConfigManager.cpp">
      <Filter>Header Files\Settings</Filter>
    </ClCompile>
    <ClCompile Include="SlideShow.cpp">
      <Filter>Header Files\Graphics/Anims</Filter>
    </ClCompile>
    <ClCompile Include="CommandManager.cpp">
      <Filter>Header Files\Engine</Filter>
    </ClCompile>
  </ItemGroup>
  <ItemGroup>
    <ClInclude Include="ResourceIdentifiers.hpp">
      <Filter>Header Files\Resources</Filter>
    </ClInclude>
    <ClInclude Include="ResourceManager.hpp">
      <Filter>Header Files\Resources</Filter>
    </ClInclude>
    <ClInclude Include="Utility.hpp">
      <Filter>Header Files\Utility</Filter>
    </ClInclude>
    <ClInclude Include="MusicPlayer.hpp">
      <Filter>Header Files\Resources</Filter>
    </ClInclude>
    <ClInclude Include="SoundPlayer.hpp">
      <Filter>Header Files\Resources</Filter>
    </ClInclude>
    <ClInclude Include="Application.hpp">
      <Filter>Header Files\System</Filter>
    </ClInclude>
    <ClInclude Include="Config.hpp">
      <Filter>Header Files\System</Filter>
    </ClInclude>
    <ClInclude Include="Logger.hpp">
      <Filter>Header Files\System</Filter>
    </ClInclude>
    <ClInclude Include="Option.hpp">
      <Filter>Header Files\System</Filter>
    </ClInclude>
    <ClInclude Include="State.hpp">
      <Filter>Header Files\State</Filter>
    </ClInclude>
    <ClInclude Include="StateIdentifiers.hpp">
      <Filter>Header Files\State</Filter>
    </ClInclude>
    <ClInclude Include="StateStack.hpp">
      <Filter>Header Files\State</Filter>
    </ClInclude>
    <ClInclude Include="TitleState.hpp">
      <Filter>Header Files\State</Filter>
    </ClInclude>
    <ClInclude Include="GameState.hpp">
      <Filter>Header Files\State</Filter>
    </ClInclude>
    <ClInclude Include="Scanner.hpp">
      <Filter>Header Files\Scanner</Filter>
    </ClInclude>
    <ClInclude Include="RegisterCommand.hpp">
      <Filter>Header Files\Commands</Filter>
    </ClInclude>
    <ClInclude Include="RegisterEngine.hpp">
      <Filter>Header Files\Engine</Filter>
    </ClInclude>
    <ClInclude Include="Engine.hpp">
      <Filter>Header Files\Engine</Filter>
    </ClInclude>
    <ClInclude Include="DisplayTextCommand.hpp">
      <Filter>Header Files\Commands</Filter>
    </ClInclude>
    <ClInclude Include="Entity.hpp">
      <Filter>Header Files\Entities</Filter>
    </ClInclude>
    <ClInclude Include="PlaySoundCommand.hpp">
      <Filter>Header Files\Commands</Filter>
    </ClInclude>
    <ClInclude Include="PlayMusicCommand.hpp">
      <Filter>Header Files\Commands</Filter>
    </ClInclude>
    <ClInclude Include="LabelCommand.hpp">
      <Filter>Header Files\Commands</Filter>
    </ClInclude>
    <ClInclude Include="JumpCommand.hpp">
      <Filter>Header Files\Commands</Filter>
    </ClInclude>
    <ClInclude Include="CommandFactory.hpp">
      <Filter>Header Files\CommandFactory</Filter>
    </ClInclude>
    <ClInclude Include="Component.hpp">
      <Filter>Header Files\GUI</Filter>
    </ClInclude>
    <ClInclude Include="Button.hpp">
      <Filter>Header Files\GUI</Filter>
    </ClInclude>
    <ClInclude Include="Container.hpp">
      <Filter>Header Files\GUI</Filter>
    </ClInclude>
    <ClInclude Include="SpriteButton.hpp">
      <Filter>Header Files\GUI</Filter>
    </ClInclude>
    <ClInclude Include="Decision.hpp">
      <Filter>Header Files\GUI</Filter>
    </ClInclude>
    <ClInclude Include="Character.hpp">
      <Filter>Header Files\Entities</Filter>
    </ClInclude>
    <ClInclude Include="CharacterBlueprint.hpp">
      <Filter>Header Files\Entities</Filter>
    </ClInclude>
    <ClInclude Include="Command.hpp">
      <Filter>Header Files\CommandFactory</Filter>
    </ClInclude>
    <ClInclude Include="FadeOutBackgroundCommand.hpp">
      <Filter>Header Files\Commands-System/Engine</Filter>
    </ClInclude>
    <ClInclude Include="HideDialogueBoxCommand.hpp">
      <Filter>Header Files\Commands-System/Engine</Filter>
    </ClInclude>
    <ClInclude Include="ShowDialogueBoxCommand.hpp">
      <Filter>Header Files\Commands-System/Engine</Filter>
    </ClInclude>
    <ClInclude Include="DisplayBackgroundCommand.hpp">
      <Filter>Header Files\Commands-System/Engine</Filter>
    </ClInclude>
    <ClInclude Include="RemoveEntityCommand.hpp">
      <Filter>Header Files\Commands-Characters/entities</Filter>
    </ClInclude>
    <ClInclude Include="BlurEntityCommand.hpp">
      <Filter>Header Files\Commands-Characters/entities</Filter>
    </ClInclude>
    <ClInclude Include="FadeEntityCommand.hpp">
      <Filter>Header Files\Commands-Characters/entities</Filter>
    </ClInclude>
    <ClInclude Include="MoveEntityCommand.hpp">
      <Filter>Header Files\Commands-Characters/entities</Filter>
    </ClInclude>
    <ClInclude Include="DisplayEntityCommand.hpp">
      <Filter>Header Files\Commands-Characters/entities</Filter>
    </ClInclude>
    <ClInclude Include="DisplayCharacterCommand.hpp">
      <Filter>Header Files\Commands-Characters/entities</Filter>
    </ClInclude>
    <ClInclude Include="CharacterStateCommand.hpp">
      <Filter>Header Files\Commands-Characters/entities</Filter>
    </ClInclude>
    <ClInclude Include="MainMenuState.hpp">
      <Filter>Header Files\State</Filter>
    </ClInclude>
    <ClInclude Include="ConfigState.hpp">
      <Filter>Header Files\State</Filter>
    </ClInclude>
    <ClInclude Include="Label.hpp">
      <Filter>Header Files\GUI</Filter>
    </ClInclude>
    <ClInclude Include="ConfigButton.hpp">
      <Filter>Header Files\GUI</Filter>
    </ClInclude>
    <ClInclude Include="CheckBox.hpp">
      <Filter>Header Files\GUI</Filter>
    </ClInclude>
    <ClInclude Include="ConfigLabel.hpp">
      <Filter>Header Files\GUI</Filter>
    </ClInclude>
    <ClInclude Include="TextButton.hpp">
      <Filter>Header Files\GUI</Filter>
    </ClInclude>
    <ClInclude Include="ConfigManager.hpp">
      <Filter>Header Files\Settings</Filter>
    </ClInclude>
    <ClInclude Include="SlideShow.hpp">
      <Filter>Header Files\Graphics/Anims</Filter>
    </ClInclude>
    <ClInclude Include="CommandManager.hpp">
      <Filter>Header Files\Engine</Filter>
    </ClInclude>
  </ItemGroup>
  <ItemGroup>
    <None Include="ResourceManager.inl">
      <Filter>Header Files\Resources</Filter>
    </None>
    <None Include="Utility.inl">
      <Filter>Header Files\Utility</Filter>
    </None>
    <None Include="Media\Shaders\Add.frag">
      <Filter>Header Files\ShaderFIles</Filter>
    </None>
    <None Include="Media\Shaders\Blur2.frag">
      <Filter>Header Files\ShaderFIles</Filter>
    </None>
    <None Include="Media\Shaders\Brightness.frag">
      <Filter>Header Files\ShaderFIles</Filter>
    </None>
    <None Include="Media\Shaders\DownSample.frag">
      <Filter>Header Files\ShaderFIles</Filter>
    </None>
    <None Include="Media\Shaders\Fullpass.vert">
      <Filter>Header Files\ShaderFIles</Filter>
    </None>
    <None Include="Media\Shaders\GuassianBlur.frag">
      <Filter>Header Files\ShaderFIles</Filter>
    </None>
    <None Include="Blur.frag">
      <Filter>Header Files\ShaderFIles</Filter>
    </None>
  </ItemGroup>
</Project>